
Microsoft Visual Studio Solution File, Format Version 12.00
# Visual Studio Version 16
VisualStudioVersion = 16.0.31321.278
MinimumVisualStudioVersion = 10.0.40219.1
Project("{2150E333-8FDC-42A3-9474-1A3956D46DE8}") = "Services", "Services", "{E34E3611-C902-4E48-B299-5008AC22DC19}"
EndProject
Project("{2150E333-8FDC-42A3-9474-1A3956D46DE8}") = "Catalog", "Catalog", "{9058BA7D-ED21-489E-B653-31F3A21B712A}"
EndProject
Project("{FAE04EC0-301F-11D3-BF4B-00C04F79EFBC}") = "Catalog.API", "Services\Catalog\Catalog.API\Catalog.API.csproj", "{3D892ADB-768D-4F54-A935-DD3B03AF8F38}"
EndProject
Global
	GlobalSection(SolutionConfigurationPlatforms) = preSolution
		Debug|Any CPU = Debug|Any CPU
		Release|Any CPU = Release|Any CPU
	EndGlobalSection
	GlobalSection(ProjectConfigurationPlatforms) = postSolution
		{3D892ADB-768D-4F54-A935-DD3B03AF8F38}.Debug|Any CPU.ActiveCfg = Debug|Any CPU
		{3D892ADB-768D-4F54-A935-DD3B03AF8F38}.Debug|Any CPU.Build.0 = Debug|Any CPU
		{3D892ADB-768D-4F54-A935-DD3B03AF8F38}.Release|Any CPU.ActiveCfg = Release|Any CPU
		{3D892ADB-768D-4F54-A935-DD3B03AF8F38}.Release|Any CPU.Build.0 = Release|Any CPU
	EndGlobalSection
	GlobalSection(SolutionProperties) = preSolution
		HideSolutionNode = FALSE
	EndGlobalSection
	GlobalSection(NestedProjects) = preSolution
		{9058BA7D-ED21-489E-B653-31F3A21B712A} = {E34E3611-C902-4E48-B299-5008AC22DC19}
		{3D892ADB-768D-4F54-A935-DD3B03AF8F38} = {9058BA7D-ED21-489E-B653-31F3A21B712A}
	EndGlobalSection
	GlobalSection(ExtensibilityGlobals) = postSolution
		SolutionGuid = {75016B44-A125-4732-9177-B2C6CBF64AA5}
	EndGlobalSection
EndGlobal
